
Microsoft Visual Studio Solution File, Format Version 12.00
# Visual Studio Version 16
VisualStudioVersion = 16.0.31205.134
MinimumVisualStudioVersion = 10.0.40219.1
Project("{FAE04EC0-301F-11D3-BF4B-00C04F79EFBC}") = "ADO NET Practice", "ADO NET Practice\ADO NET Practice.csproj", "{8B58CA96-3F62-4A75-9DFC-DB944917B3F2}"
EndProject
Global
	GlobalSection(SolutionConfigurationPlatforms) = preSolution
		Debug|Any CPU = Debug|Any CPU
		Release|Any CPU = Release|Any CPU
	EndGlobalSection
	GlobalSection(ProjectConfigurationPlatforms) = postSolution
		{8B58CA96-3F62-4A75-9DFC-DB944917B3F2}.Debug|Any CPU.ActiveCfg = Debug|Any CPU
		{8B58CA96-3F62-4A75-9DFC-DB944917B3F2}.Debug|Any CPU.Build.0 = Debug|Any CPU
		{8B58CA96-3F62-4A75-9DFC-DB944917B3F2}.Release|Any CPU.ActiveCfg = Release|Any CPU
		{8B58CA96-3F62-4A75-9DFC-DB944917B3F2}.Release|Any CPU.Build.0 = Release|Any CPU
	EndGlobalSection
	GlobalSection(SolutionProperties) = preSolution
		HideSolutionNode = FALSE
	EndGlobalSection
	GlobalSection(ExtensibilityGlobals) = postSolution
		SolutionGuid = {1342D6DB-79DD-43C2-AC3C-5AF86A397177}
	EndGlobalSection
EndGlobal
